
Microsoft Visual Studio Solution File, Format Version 12.00
# Visual Studio Version 16
VisualStudioVersion = 16.0.30907.101
MinimumVisualStudioVersion = 10.0.40219.1
Project("{FAE04EC0-301F-11D3-BF4B-00C04F79EFBC}") = "ProdutoEstoque", "ProdutoEstoque\ProdutoEstoque.csproj", "{09A27127-1189-4B57-B918-EC88F7DE87C9}"
EndProject
Global
	GlobalSection(SolutionConfigurationPlatforms) = preSolution
		Debug|Any CPU = Debug|Any CPU
		Release|Any CPU = Release|Any CPU
	EndGlobalSection
	GlobalSection(ProjectConfigurationPlatforms) = postSolution
		{09A27127-1189-4B57-B918-EC88F7DE87C9}.Debug|Any CPU.ActiveCfg = Debug|Any CPU
		{09A27127-1189-4B57-B918-EC88F7DE87C9}.Debug|Any CPU.Build.0 = Debug|Any CPU
		{09A27127-1189-4B57-B918-EC88F7DE87C9}.Release|Any CPU.ActiveCfg = Release|Any CPU
		{09A27127-1189-4B57-B918-EC88F7DE87C9}.Release|Any CPU.Build.0 = Release|Any CPU
	EndGlobalSection
	GlobalSection(SolutionProperties) = preSolution
		HideSolutionNode = FALSE
	EndGlobalSection
	GlobalSection(ExtensibilityGlobals) = postSolution
		SolutionGuid = {C494BF7F-A3E0-4574-9BA0-4DAE153F091C}
	EndGlobalSection
EndGlobal
